
Microsoft Visual Studio Solution File, Format Version 12.00
# Visual Studio Version 17
VisualStudioVersion = 17.2.32526.322
MinimumVisualStudioVersion = 10.0.40219.1
Project("{F184B08F-C81C-45F6-A57F-5ABD9991F28F}") = "BlackHigh", "BlackHigh.vbproj", "{DBC296DE-BEB1-40B7-88A6-6113AC31B86F}"
EndProject
Global
	GlobalSection(SolutionConfigurationPlatforms) = preSolution
		Debug|x64 = Debug|x64
		Debug|x86 = Debug|x86
		Release|x64 = Release|x64
		Release|x86 = Release|x86
	EndGlobalSection
	GlobalSection(ProjectConfigurationPlatforms) = postSolution
		{DBC296DE-BEB1-40B7-88A6-6113AC31B86F}.Debug|x64.ActiveCfg = Debug|x64
		{DBC296DE-BEB1-40B7-88A6-6113AC31B86F}.Debug|x64.Build.0 = Debug|x64
		{DBC296DE-BEB1-40B7-88A6-6113AC31B86F}.Debug|x86.ActiveCfg = Debug|x86
		{DBC296DE-BEB1-40B7-88A6-6113AC31B86F}.Debug|x86.Build.0 = Debug|x86
		{DBC296DE-BEB1-40B7-88A6-6113AC31B86F}.Release|x64.ActiveCfg = Release|x64
		{DBC296DE-BEB1-40B7-88A6-6113AC31B86F}.Release|x64.Build.0 = Release|x64
		{DBC296DE-BEB1-40B7-88A6-6113AC31B86F}.Release|x86.ActiveCfg = Release|x86
		{DBC296DE-BEB1-40B7-88A6-6113AC31B86F}.Release|x86.Build.0 = Release|x86
	EndGlobalSection
	GlobalSection(SolutionProperties) = preSolution
		HideSolutionNode = FALSE
	EndGlobalSection
	GlobalSection(ExtensibilityGlobals) = postSolution
		SolutionGuid = {B5878389-D2D6-4F23-A854-E4447CE44E38}
	EndGlobalSection
EndGlobal
